
Microsoft Visual Studio Solution File, Format Version 12.00
# Visual Studio Version 17
VisualStudioVersion = 17.13.35828.75 d17.13
MinimumVisualStudioVersion = 10.0.40219.1
Project("{FAE04EC0-301F-11D3-BF4B-00C04F79EFBC}") = "CRUD", "CRUD\CRUD.csproj", "{D94F33C8-4D79-44BE-83C4-1E7DD498E397}"
EndProject
Global
	GlobalSection(SolutionConfigurationPlatforms) = preSolution
		Debug|Any CPU = Debug|Any CPU
		Release|Any CPU = Release|Any CPU
	EndGlobalSection
	GlobalSection(ProjectConfigurationPlatforms) = postSolution
		{D94F33C8-4D79-44BE-83C4-1E7DD498E397}.Debug|Any CPU.ActiveCfg = Debug|Any CPU
		{D94F33C8-4D79-44BE-83C4-1E7DD498E397}.Debug|Any CPU.Build.0 = Debug|Any CPU
		{D94F33C8-4D79-44BE-83C4-1E7DD498E397}.Release|Any CPU.ActiveCfg = Release|Any CPU
		{D94F33C8-4D79-44BE-83C4-1E7DD498E397}.Release|Any CPU.Build.0 = Release|Any CPU
	EndGlobalSection
	GlobalSection(SolutionProperties) = preSolution
		HideSolutionNode = FALSE
	EndGlobalSection
	GlobalSection(ExtensibilityGlobals) = postSolution
		SolutionGuid = {D0AEFB09-70F2-4ACB-B15C-311CD9085524}
	EndGlobalSection
EndGlobal
